
Microsoft Visual Studio Solution File, Format Version 12.00
# Visual Studio Version 17
VisualStudioVersion = 17.13.35931.197 d17.13
MinimumVisualStudioVersion = 10.0.40219.1
Project("{FAE04EC0-301F-11D3-BF4B-00C04F79EFBC}") = "SimpleCaluclator", "SimpleCaluclator.csproj", "{8D936F82-7C2A-429D-AFDC-CF86CA21BF6A}"
EndProject
Global
	GlobalSection(SolutionConfigurationPlatforms) = preSolution
		Debug|Any CPU = Debug|Any CPU
		Release|Any CPU = Release|Any CPU
	EndGlobalSection
	GlobalSection(ProjectConfigurationPlatforms) = postSolution
		{8D936F82-7C2A-429D-AFDC-CF86CA21BF6A}.Debug|Any CPU.ActiveCfg = Debug|Any CPU
		{8D936F82-7C2A-429D-AFDC-CF86CA21BF6A}.Debug|Any CPU.Build.0 = Debug|Any CPU
		{8D936F82-7C2A-429D-AFDC-CF86CA21BF6A}.Release|Any CPU.ActiveCfg = Release|Any CPU
		{8D936F82-7C2A-429D-AFDC-CF86CA21BF6A}.Release|Any CPU.Build.0 = Release|Any CPU
	EndGlobalSection
	GlobalSection(SolutionProperties) = preSolution
		HideSolutionNode = FALSE
	EndGlobalSection
	GlobalSection(ExtensibilityGlobals) = postSolution
		SolutionGuid = {38B0A85E-5E18-4F07-898C-B7DD3A8569F1}
	EndGlobalSection
EndGlobal
